// !$*UTF8*$!
{
	archiveVersion = 1;
	classes = {
	};
	objectVersion = 46;
	objects = {

/* Begin PBXBuildFile section */
		F93B471F1DDC5C400082790D /* AppDelegate.swift in Sources */ = {isa = PBXBuildFile; fileRef = F93B471E1DDC5C400082790D /* AppDelegate.swift */; };
		F93B47211DDC5C400082790D /* ViewController.swift in Sources */ = {isa = PBXBuildFile; fileRef = F93B47201DDC5C400082790D /* ViewController.swift */; };
		F93B47241DDC5C400082790D /* Main.storyboard in Resources */ = {isa = PBXBuildFile; fileRef = F93B47221DDC5C400082790D /* Main.storyboard */; };
		F93B47261DDC5C400082790D /* Assets.xcassets in Resources */ = {isa = PBXBuildFile; fileRef = F93B47251DDC5C400082790D /* Assets.xcassets */; };
		F93B47291DDC5C400082790D /* LaunchScreen.storyboard in Resources */ = {isa = PBXBuildFile; fileRef = F93B47271DDC5C400082790D /* LaunchScreen.storyboard */; };
		F93B47311DDC5D2A0082790D /* MenuVC.swift in Sources */ = {isa = PBXBuildFile; fileRef = F93B47301DDC5D2A0082790D /* MenuVC.swift */; };
		F93B47331DDC6DAC0082790D /* Animation.swift in Sources */ = {isa = PBXBuildFile; fileRef = F93B47321DDC6DAC0082790D /* Animation.swift */; };
/* End PBXBuildFile section */

/* Begin PBXFileReference section */
		F93B471B1DDC5C400082790D /* SOSideMenu.app */ = {isa = PBXFileReference; explicitFileType = wrapper.application; includeInIndex = 0; path = SOSideMenu.app; sourceTree = BUILT_PRODUCTS_DIR; };
		F93B471E1DDC5C400082790D /* AppDelegate.swift */ = {isa = PBXFileReference; lastKnownFileType = sourcecode.swift; path = AppDelegate.swift; sourceTree = "<group>"; };
		F93B47201DDC5C400082790D /* ViewController.swift */ = {isa = PBXFileReference; lastKnownFileType = sourcecode.swift; path = ViewController.swift; sourceTree = "<group>"; };
		F93B47231DDC5C400082790D /* Base */ = {isa = PBXFileReference; lastKnownFileType = file.storyboard; name = Base; path = Base.lproj/Main.storyboard; sourceTree = "<group>"; };
		F93B47251DDC5C400082790D /* Assets.xcassets */ = {isa = PBXFileReference; lastKnownFileType = folder.assetcatalog; path = Assets.xcassets; sourceTree = "<group>"; };
		F93B47281DDC5C400082790D /* Base */ = {isa = PBXFileReference; lastKnownFileType = file.storyboard; name = Base; path = Base.lproj/LaunchScreen.storyboard; sourceTree = "<group>"; };
		F93B472A1DDC5C400082790D /* Info.plist */ = {isa = PBXFileReference; lastKnownFileType = text.plist.xml; path = Info.plist; sourceTree = "<group>"; };
		F93B47301DDC5D2A0082790D /* MenuVC.swift */ = {isa = PBXFileReference; fileEncoding = 4; lastKnownFileType = sourcecode.swift; path = MenuVC.swift; sourceTree = "<group>"; };
		F93B47321DDC6DAC0082790D /* Animation.swift */ = {isa = PBXFileReference; fileEncoding = 4; lastKnownFileType = sourcecode.swift; path = Animation.swift; sourceTree = "<group>"; };
/* End PBXFileReference section */

/* Begin PBXFrameworksBuildPhase section */
		F93B47181DDC5C400082790D /* Frameworks */ = {
			isa = PBXFrameworksBuildPhase;
			buildActionMask = 2147483647;
			files = (
			);
			runOnlyForDeploymentPostprocessing = 0;
		};
/* End PBXFrameworksBuildPhase section */

/* Begin PBXGroup section */
		F93B47121DDC5C3F0082790D = {
			isa = PBXGroup;
			children = (
				F93B471D1DDC5C400082790D /* SOSideMenu */,
				F93B471C1DDC5C400082790D /* Products */,
			);
			sourceTree = "<group>";
		};
		F93B471C1DDC5C400082790D /* Products */ = {
			isa = PBXGroup;
			children = (
				F93B471B1DDC5C400082790D /* SOSideMenu.app */,
			);
			name = Products;
			sourceTree = "<group>";
		};
		F93B471D1DDC5C400082790D /* SOSideMenu */ = {
			isa = PBXGroup;
			children = (
				F93B471E1DDC5C400082790D /* AppDelegate.swift */,
				F93B47201DDC5C400082790D /* ViewController.swift */,
				F93B47301DDC5D2A0082790D /* MenuVC.swift */,
				F93B47321DDC6DAC0082790D /* Animation.swift */,
				F93B47221DDC5C400082790D /* Main.storyboard */,
				F93B47251DDC5C400082790D /* Assets.xcassets */,
				F93B47271DDC5C400082790D /* LaunchScreen.storyboard */,
				F93B472A1DDC5C400082790D /* Info.plist */,
			);
			path = SOSideMenu;
			sourceTree = "<group>";
		};
/* End PBXGroup section */

/* Begin PBXNativeTarget section */
		F93B471A1DDC5C400082790D /* SOSideMenu */ = {
			isa = PBXNativeTarget;
			buildConfigurationList = F93B472D1DDC5C400082790D /* Build configuration list for PBXNativeTarget "SOSideMenu" */;
			buildPhases = (
				F93B47171DDC5C400082790D /* Sources */,
				F93B47181DDC5C400082790D /* Frameworks */,
				F93B47191DDC5C400082790D /* Resources */,
			);
			buildRules = (
			);
			dependencies = (
			);
			name = SOSideMenu;
			productName = SOSideMenu;
			productReference = F93B471B1DDC5C400082790D /* SOSideMenu.app */;
			productType = "com.apple.product-type.application";
		};
/* End PBXNativeTarget section */

/* Begin PBXProject section */
		F93B47131DDC5C3F0082790D /* Project object */ = {
			isa = PBXProject;
			attributes = {
				LastSwiftUpdateCheck = 0730;
				LastUpgradeCheck = 0730;
				ORGANIZATIONNAME = myCompany;
				TargetAttributes = {
					F93B471A1DDC5C400082790D = {
						CreatedOnToolsVersion = 7.3;
					};
				};
			};
			buildConfigurationList = F93B47161DDC5C3F0082790D /* Build configuration list for PBXProject "SOSideMenu" */;
			compatibilityVersion = "Xcode 3.2";
			developmentRegion = English;
			hasScannedForEncodings = 0;
			knownRegions = (
				en,
				Base,
			);
			mainGroup = F93B47121DDC5C3F0082790D;
			productRefGroup = F93B471C1DDC5C400082790D /* Products */;
			projectDirPath = "";
			projectRoot = "";
			targets = (
				F93B471A1DDC5C400082790D /* SOSideMenu */,
			);
		};
/* End PBXProject section */

/* Begin PBXResourcesBuildPhase section */
		F93B47191DDC5C400082790D /* Resources */ = {
			isa = PBXResourcesBuildPhase;
			buildActionMask = 2147483647;
			files = (
				F93B47291DDC5C400082790D /* LaunchScreen.storyboard in Resources */,
				F93B47261DDC5C400082790D /* Assets.xcassets in Resources */,
				F93B47241DDC5C400082790D /* Main.storyboard in Resources */,
			);
			runOnlyForDeploymentPostprocessing = 0;
		};
/* End PBXResourcesBuildPhase section */

/* Begin PBXSourcesBuildPhase section */
		F93B47171DDC5C400082790D /* Sources */ = {
			isa = PBXSourcesBuildPhase;
			buildActionMask = 2147483647;
			files = (
				F93B47211DDC5C400082790D /* ViewController.swift in Sources */,
				F93B471F1DDC5C400082790D /* AppDelegate.swift in Sources */,
				F93B47331DDC6DAC0082790D /* Animation.swift in Sources */,
				F93B47311DDC5D2A0082790D /* MenuVC.swift in Sources */,
			);
			runOnlyForDeploymentPostprocessing = 0;
		};
/* End PBXSourcesBuildPhase section */

/* Begin PBXVariantGroup section */
		F93B47221DDC5C400082790D /* Main.storyboard */ = {
			isa = PBXVariantGroup;
			children = (
				F93B47231DDC5C400082790D /* Base */,
			);
			name = Main.storyboard;
			sourceTree = "<group>";
		};
		F93B47271DDC5C400082790D /* LaunchScreen.storyboard */ = {
			isa = PBXVariantGroup;
			children = (
				F93B47281DDC5C400082790D /* Base */,
			);
			name = LaunchScreen.storyboard;
			sourceTree = "<group>";
		};
/* End PBXVariantGroup section */

/* Begin XCBuildConfiguration section */
		F93B472B1DDC5C400082790D /* Debug */ = {
			isa = XCBuildConfiguration;
			buildSettings = {
				ALWAYS_SEARCH_USER_PATHS = NO;
				CLANG_ANALYZER_NONNULL = YES;
				CLANG_CXX_LANGUAGE_STANDARD = "gnu++0x";
				CLANG_CXX_LIBRARY = "libc++";
				CLANG_ENABLE_MODULES = YES;
				CLANG_ENABLE_OBJC_ARC = YES;
				CLANG_WARN_BOOL_CONVERSION = YES;
				CLANG_WARN_CONSTANT_CONVERSION = YES;
				CLANG_WARN_DIRECT_OBJC_ISA_USAGE = YES_ERROR;
				CLANG_WARN_EMPTY_BODY = YES;
				CLANG_WARN_ENUM_CONVERSION = YES;
				CLANG_WARN_INT_CONVERSION = YES;
				CLANG_WARN_OBJC_ROOT_CLASS = YES_ERROR;
				CLANG_WARN_UNREACHABLE_CODE = YES;
				CLANG_WARN__DUPLICATE_METHOD_MATCH = YES;
				"CODE_SIGN_IDENTITY[sdk=iphoneos*]" = "iPhone Developer";
				COPY_PHASE_STRIP = NO;
				DEBUG_INFORMATION_FORMAT = dwarf;
				ENABLE_STRICT_OBJC_MSGSEND = YES;
				ENABLE_TESTABILITY = YES;
				GCC_C_LANGUAGE_STANDARD = gnu99;
				GCC_DYNAMIC_NO_PIC = NO;
				GCC_NO_COMMON_BLOCKS = YES;
				GCC_OPTIMIZATION_LEVEL = 0;
				GCC_PREPROCESSOR_DEFINITIONS = (
					"DEBUG=1",
					"$(inherited)",
				);
				GCC_WARN_64_TO_32_BIT_CONVERSION = YES;
				GCC_WARN_ABOUT_RETURN_TYPE = YES_ERROR;
				GCC_WARN_UNDECLARED_SELECTOR = YES;
				GCC_WARN_UNINITIALIZED_AUTOS = YES_AGGRESSIVE;
				GCC_WARN_UNUSED_FUNCTION = YES;
				GCC_WARN_UNUSED_VARIABLE = YES;
				IPHONEOS_DEPLOYMENT_TARGET = 9.3;
				MTL_ENABLE_DEBUG_INFO = YES;
				ONLY_ACTIVE_ARCH = YES;
				SDKROOT = iphoneos;
				SWIFT_OPTIMIZATION_LEVEL = "-Onone";
			};
			name = Debug;
		};
		F93B472C1DDC5C400082790D /* Release */ = {
			isa = XCBuildConfiguration;
			buildSettings = {
				ALWAYS_SEARCH_USER_PATHS = NO;
				CLANG_ANALYZER_NONNULL = YES;
				CLANG_CXX_LANGUAGE_STANDARD = "gnu++0x";
				CLANG_CXX_LIBRARY = "libc++";
				CLANG_ENABLE_MODULES = YES;
				CLANG_ENABLE_OBJC_ARC = YES;
				CLANG_WARN_BOOL_CONVERSION = YES;
				CLANG_WARN_CONSTANT_CONVERSION = YES;
				CLANG_WARN_DIRECT_OBJC_ISA_USAGE = YES_ERROR;
				CLANG_WARN_EMPTY_BODY = YES;
				CLANG_WARN_ENUM_CONVERSION = YES;
				CLANG_WARN_INT_CONVERSION = YES;
				CLANG_WARN_OBJC_ROOT_CLASS = YES_ERROR;
				CLANG_WARN_UNREACHABLE_CODE = YES;
				CLANG_WARN__DUPLICATE_METHOD_MATCH = YES;
				"CODE_SIGN_IDENTITY[sdk=iphoneos*]" = "iPhone Developer";
				COPY_PHASE_STRIP = NO;
				DEBUG_INFORMATION_FORMAT = "dwarf-with-dsym";
				ENABLE_NS_ASSERTIONS = NO;
				ENABLE_STRICT_OBJC_MSGSEND = YES;
				GCC_C_LANGUAGE_STANDARD = gnu99;
				GCC_NO_COMMON_BLOCKS = YES;
				GCC_WARN_64_TO_32_BIT_CONVERSION = YES;
				GCC_WARN_ABOUT_RETURN_TYPE = YES_ERROR;
				GCC_WARN_UNDECLARED_SELECTOR = YES;
				GCC_WARN_UNINITIALIZED_AUTOS = YES_AGGRESSIVE;
				GCC_WARN_UNUSED_FUNCTION = YES;
				GCC_WARN_UNUSED_VARIABLE = YES;
				IPHONEOS_DEPLOYMENT_TARGET = 9.3;
				MTL_ENABLE_DEBUG_INFO = NO;
				SDKROOT = iphoneos;
				VALIDATE_PRODUCT = YES;
			};
			name = Release;
		};
		F93B472E1DDC5C400082790D /* Debug */ = {
			isa = XCBuildConfiguration;
			buildSettings = {
				ASSETCATALOG_COMPILER_APPICON_NAME = AppIcon;
				INFOPLIST_FILE = SOSideMenu/Info.plist;
				LD_RUNPATH_SEARCH_PATHS = "$(inherited) @executable_path/Frameworks";
				PRODUCT_BUNDLE_IDENTIFIER = com.extention.SOSideMenu;
				PRODUCT_NAME = "$(TARGET_NAME)";
			};
			name = Debug;
		};
		F93B472F1DDC5C400082790D /* Release */ = {
			isa = XCBuildConfiguration;
			buildSettings = {
				ASSETCATALOG_COMPILER_APPICON_NAME = AppIcon;
				INFOPLIST_FILE = SOSideMenu/Info.plist;
				LD_RUNPATH_SEARCH_PATHS = "$(inherited) @executable_path/Frameworks";
				PRODUCT_BUNDLE_IDENTIFIER = com.extention.SOSideMenu;
				PRODUCT_NAME = "$(TARGET_NAME)";
			};
			name = Release;
		};
/* End XCBuildConfiguration section */

/* Begin XCConfigurationList section */
		F93B47161DDC5C3F0082790D /* Build configuration list for PBXProject "SOSideMenu" */ = {
			isa = XCConfigurationList;
			buildConfigurations = (
				F93B472B1DDC5C400082790D /* Debug */,
				F93B472C1DDC5C400082790D /* Release */,
			);
			defaultConfigurationIsVisible = 0;
			defaultConfigurationName = Release;
		};
		F93B472D1DDC5C400082790D /* Build configuration list for PBXNativeTarget "SOSideMenu" */ = {
			isa = XCConfigurationList;
			buildConfigurations = (
				F93B472E1DDC5C400082790D /* Debug */,
				F93B472F1DDC5C400082790D /* Release */,
			);
			defaultConfigurationIsVisible = 0;
		};
/* End XCConfigurationList section */
	};
	rootObject = F93B47131DDC5C3F0082790D /* Project object */;
}
